
Microsoft Visual Studio Solution File, Format Version 12.00
# Visual Studio Version 17
VisualStudioVersion = 17.1.31903.286
MinimumVisualStudioVersion = 10.0.40219.1
Project("{FAE04EC0-301F-11D3-BF4B-00C04F79EFBC}") = "ConnectionManager", "ConnectionManager\ConnectionManager.csproj", "{D76C3AC4-8CF6-42C4-8131-A801A04EEF3F}"
EndProject
Project("{9A19103F-16F7-4668-BE54-9A1E7A4F7556}") = "ConnectionManager.Common", "ConnectionManager.Common\ConnectionManager.Common.csproj", "{AB59B724-AA03-42FC-AE7C-CBE419AE9A61}"
EndProject
Project("{C7167F0D-BC9F-4E6E-AFE1-012C56B48DB5}") = "ConnectionManager.Package", "ConnectionManager.Package\ConnectionManager.Package.wapproj", "{26C58FD6-8DB3-4650-9493-79E91D1C25CA}"
EndProject
Project("{FAE04EC0-301F-11D3-BF4B-00C04F79EFBC}") = "ConnectionManager.Launcher", "ConnectionManager.Launcher\ConnectionManager.Launcher.csproj", "{A283AA13-B315-46B8-9A82-90A70542C196}"
EndProject
Global
	GlobalSection(SolutionConfigurationPlatforms) = preSolution
		Debug|Any CPU = Debug|Any CPU
		Debug|ARM = Debug|ARM
		Debug|ARM64 = Debug|ARM64
		Debug|x64 = Debug|x64
		Debug|x86 = Debug|x86
		Release|Any CPU = Release|Any CPU
		Release|ARM = Release|ARM
		Release|ARM64 = Release|ARM64
		Release|x64 = Release|x64
		Release|x86 = Release|x86
	EndGlobalSection
	GlobalSection(ProjectConfigurationPlatforms) = postSolution
		{D76C3AC4-8CF6-42C4-8131-A801A04EEF3F}.Debug|Any CPU.ActiveCfg = Debug|x86
		{D76C3AC4-8CF6-42C4-8131-A801A04EEF3F}.Debug|ARM.ActiveCfg = Debug|ARM
		{D76C3AC4-8CF6-42C4-8131-A801A04EEF3F}.Debug|ARM.Build.0 = Debug|ARM
		{D76C3AC4-8CF6-42C4-8131-A801A04EEF3F}.Debug|ARM.Deploy.0 = Debug|ARM
		{D76C3AC4-8CF6-42C4-8131-A801A04EEF3F}.Debug|ARM64.ActiveCfg = Debug|ARM64
		{D76C3AC4-8CF6-42C4-8131-A801A04EEF3F}.Debug|ARM64.Build.0 = Debug|ARM64
		{D76C3AC4-8CF6-42C4-8131-A801A04EEF3F}.Debug|ARM64.Deploy.0 = Debug|ARM64
		{D76C3AC4-8CF6-42C4-8131-A801A04EEF3F}.Debug|x64.ActiveCfg = Debug|x64
		{D76C3AC4-8CF6-42C4-8131-A801A04EEF3F}.Debug|x64.Build.0 = Debug|x64
		{D76C3AC4-8CF6-42C4-8131-A801A04EEF3F}.Debug|x64.Deploy.0 = Debug|x64
		{D76C3AC4-8CF6-42C4-8131-A801A04EEF3F}.Debug|x86.ActiveCfg = Debug|x86
		{D76C3AC4-8CF6-42C4-8131-A801A04EEF3F}.Debug|x86.Build.0 = Debug|x86
		{D76C3AC4-8CF6-42C4-8131-A801A04EEF3F}.Debug|x86.Deploy.0 = Debug|x86
		{D76C3AC4-8CF6-42C4-8131-A801A04EEF3F}.Release|Any CPU.ActiveCfg = Release|x86
		{D76C3AC4-8CF6-42C4-8131-A801A04EEF3F}.Release|ARM.ActiveCfg = Release|ARM
		{D76C3AC4-8CF6-42C4-8131-A801A04EEF3F}.Release|ARM.Build.0 = Release|ARM
		{D76C3AC4-8CF6-42C4-8131-A801A04EEF3F}.Release|ARM.Deploy.0 = Release|ARM
		{D76C3AC4-8CF6-42C4-8131-A801A04EEF3F}.Release|ARM64.ActiveCfg = Release|ARM64
		{D76C3AC4-8CF6-42C4-8131-A801A04EEF3F}.Release|ARM64.Build.0 = Release|ARM64
		{D76C3AC4-8CF6-42C4-8131-A801A04EEF3F}.Release|ARM64.Deploy.0 = Release|ARM64
		{D76C3AC4-8CF6-42C4-8131-A801A04EEF3F}.Release|x64.ActiveCfg = Release|x64
		{D76C3AC4-8CF6-42C4-8131-A801A04EEF3F}.Release|x64.Build.0 = Release|x64
		{D76C3AC4-8CF6-42C4-8131-A801A04EEF3F}.Release|x64.Deploy.0 = Release|x64
		{D76C3AC4-8CF6-42C4-8131-A801A04EEF3F}.Release|x86.ActiveCfg = Release|x86
		{D76C3AC4-8CF6-42C4-8131-A801A04EEF3F}.Release|x86.Build.0 = Release|x86
		{D76C3AC4-8CF6-42C4-8131-A801A04EEF3F}.Release|x86.Deploy.0 = Release|x86
		{AB59B724-AA03-42FC-AE7C-CBE419AE9A61}.Debug|Any CPU.ActiveCfg = Debug|Any CPU
		{AB59B724-AA03-42FC-AE7C-CBE419AE9A61}.Debug|Any CPU.Build.0 = Debug|Any CPU
		{AB59B724-AA03-42FC-AE7C-CBE419AE9A61}.Debug|ARM.ActiveCfg = Debug|Any CPU
		{AB59B724-AA03-42FC-AE7C-CBE419AE9A61}.Debug|ARM.Build.0 = Debug|Any CPU
		{AB59B724-AA03-42FC-AE7C-CBE419AE9A61}.Debug|ARM64.ActiveCfg = Debug|Any CPU
		{AB59B724-AA03-42FC-AE7C-CBE419AE9A61}.Debug|ARM64.Build.0 = Debug|Any CPU
		{AB59B724-AA03-42FC-AE7C-CBE419AE9A61}.Debug|x64.ActiveCfg = Debug|Any CPU
		{AB59B724-AA03-42FC-AE7C-CBE419AE9A61}.Debug|x64.Build.0 = Debug|Any CPU
		{AB59B724-AA03-42FC-AE7C-CBE419AE9A61}.Debug|x86.ActiveCfg = Debug|Any CPU
		{AB59B724-AA03-42FC-AE7C-CBE419AE9A61}.Debug|x86.Build.0 = Debug|Any CPU
		{AB59B724-AA03-42FC-AE7C-CBE419AE9A61}.Release|Any CPU.ActiveCfg = Release|Any CPU
		{AB59B724-AA03-42FC-AE7C-CBE419AE9A61}.Release|Any CPU.Build.0 = Release|Any CPU
		{AB59B724-AA03-42FC-AE7C-CBE419AE9A61}.Release|ARM.ActiveCfg = Release|Any CPU
		{AB59B724-AA03-42FC-AE7C-CBE419AE9A61}.Release|ARM.Build.0 = Release|Any CPU
		{AB59B724-AA03-42FC-AE7C-CBE419AE9A61}.Release|ARM64.ActiveCfg = Release|Any CPU
		{AB59B724-AA03-42FC-AE7C-CBE419AE9A61}.Release|ARM64.Build.0 = Release|Any CPU
		{AB59B724-AA03-42FC-AE7C-CBE419AE9A61}.Release|x64.ActiveCfg = Release|Any CPU
		{AB59B724-AA03-42FC-AE7C-CBE419AE9A61}.Release|x64.Build.0 = Release|Any CPU
		{AB59B724-AA03-42FC-AE7C-CBE419AE9A61}.Release|x86.ActiveCfg = Release|Any CPU
		{AB59B724-AA03-42FC-AE7C-CBE419AE9A61}.Release|x86.Build.0 = Release|Any CPU
		{26C58FD6-8DB3-4650-9493-79E91D1C25CA}.Debug|Any CPU.ActiveCfg = Debug|Any CPU
		{26C58FD6-8DB3-4650-9493-79E91D1C25CA}.Debug|Any CPU.Build.0 = Debug|Any CPU
		{26C58FD6-8DB3-4650-9493-79E91D1C25CA}.Debug|Any CPU.Deploy.0 = Debug|Any CPU
		{26C58FD6-8DB3-4650-9493-79E91D1C25CA}.Debug|ARM.ActiveCfg = Debug|ARM
		{26C58FD6-8DB3-4650-9493-79E91D1C25CA}.Debug|ARM.Build.0 = Debug|ARM
		{26C58FD6-8DB3-4650-9493-79E91D1C25CA}.Debug|ARM.Deploy.0 = Debug|ARM
		{26C58FD6-8DB3-4650-9493-79E91D1C25CA}.Debug|ARM64.ActiveCfg = Debug|ARM64
		{26C58FD6-8DB3-4650-9493-79E91D1C25CA}.Debug|ARM64.Build.0 = Debug|ARM64
		{26C58FD6-8DB3-4650-9493-79E91D1C25CA}.Debug|ARM64.Deploy.0 = Debug|ARM64
		{26C58FD6-8DB3-4650-9493-79E91D1C25CA}.Debug|x64.ActiveCfg = Debug|x64
		{26C58FD6-8DB3-4650-9493-79E91D1C25CA}.Debug|x64.Build.0 = Debug|x64
		{26C58FD6-8DB3-4650-9493-79E91D1C25CA}.Debug|x64.Deploy.0 = Debug|x64
		{26C58FD6-8DB3-4650-9493-79E91D1C25CA}.Debug|x86.ActiveCfg = Debug|x86
		{26C58FD6-8DB3-4650-9493-79E91D1C25CA}.Debug|x86.Build.0 = Debug|x86
		{26C58FD6-8DB3-4650-9493-79E91D1C25CA}.Debug|x86.Deploy.0 = Debug|x86
		{26C58FD6-8DB3-4650-9493-79E91D1C25CA}.Release|Any CPU.ActiveCfg = Release|Any CPU
		{26C58FD6-8DB3-4650-9493-79E91D1C25CA}.Release|Any CPU.Build.0 = Release|Any CPU
		{26C58FD6-8DB3-4650-9493-79E91D1C25CA}.Release|Any CPU.Deploy.0 = Release|Any CPU
		{26C58FD6-8DB3-4650-9493-79E91D1C25CA}.Release|ARM.ActiveCfg = Release|ARM
		{26C58FD6-8DB3-4650-9493-79E91D1C25CA}.Release|ARM.Build.0 = Release|ARM
		{26C58FD6-8DB3-4650-9493-79E91D1C25CA}.Release|ARM.Deploy.0 = Release|ARM
		{26C58FD6-8DB3-4650-9493-79E91D1C25CA}.Release|ARM64.ActiveCfg = Release|ARM64
		{26C58FD6-8DB3-4650-9493-79E91D1C25CA}.Release|ARM64.Build.0 = Release|ARM64
		{26C58FD6-8DB3-4650-9493-79E91D1C25CA}.Release|ARM64.Deploy.0 = Release|ARM64
		{26C58FD6-8DB3-4650-9493-79E91D1C25CA}.Release|x64.ActiveCfg = Release|x64
		{26C58FD6-8DB3-4650-9493-79E91D1C25CA}.Release|x64.Build.0 = Release|x64
		{26C58FD6-8DB3-4650-9493-79E91D1C25CA}.Release|x64.Deploy.0 = Release|x64
		{26C58FD6-8DB3-4650-9493-79E91D1C25CA}.Release|x86.ActiveCfg = Release|x86
		{26C58FD6-8DB3-4650-9493-79E91D1C25CA}.Release|x86.Build.0 = Release|x86
		{26C58FD6-8DB3-4650-9493-79E91D1C25CA}.Release|x86.Deploy.0 = Release|x86
		{A283AA13-B315-46B8-9A82-90A70542C196}.Debug|Any CPU.ActiveCfg = Debug|Any CPU
		{A283AA13-B315-46B8-9A82-90A70542C196}.Debug|Any CPU.Build.0 = Debug|Any CPU
		{A283AA13-B315-46B8-9A82-90A70542C196}.Debug|ARM.ActiveCfg = Debug|Any CPU
		{A283AA13-B315-46B8-9A82-90A70542C196}.Debug|ARM.Build.0 = Debug|Any CPU
		{A283AA13-B315-46B8-9A82-90A70542C196}.Debug|ARM64.ActiveCfg = Debug|Any CPU
		{A283AA13-B315-46B8-9A82-90A70542C196}.Debug|ARM64.Build.0 = Debug|Any CPU
		{A283AA13-B315-46B8-9A82-90A70542C196}.Debug|x64.ActiveCfg = Debug|Any CPU
		{A283AA13-B315-46B8-9A82-90A70542C196}.Debug|x64.Build.0 = Debug|Any CPU
		{A283AA13-B315-46B8-9A82-90A70542C196}.Debug|x86.ActiveCfg = Debug|Any CPU
		{A283AA13-B315-46B8-9A82-90A70542C196}.Debug|x86.Build.0 = Debug|Any CPU
		{A283AA13-B315-46B8-9A82-90A70542C196}.Release|Any CPU.ActiveCfg = Release|Any CPU
		{A283AA13-B315-46B8-9A82-90A70542C196}.Release|Any CPU.Build.0 = Release|Any CPU
		{A283AA13-B315-46B8-9A82-90A70542C196}.Release|ARM.ActiveCfg = Release|Any CPU
		{A283AA13-B315-46B8-9A82-90A70542C196}.Release|ARM.Build.0 = Release|Any CPU
		{A283AA13-B315-46B8-9A82-90A70542C196}.Release|ARM64.ActiveCfg = Release|Any CPU
		{A283AA13-B315-46B8-9A82-90A70542C196}.Release|ARM64.Build.0 = Release|Any CPU
		{A283AA13-B315-46B8-9A82-90A70542C196}.Release|x64.ActiveCfg = Release|Any CPU
		{A283AA13-B315-46B8-9A82-90A70542C196}.Release|x64.Build.0 = Release|Any CPU
		{A283AA13-B315-46B8-9A82-90A70542C196}.Release|x86.ActiveCfg = Release|Any CPU
		{A283AA13-B315-46B8-9A82-90A70542C196}.Release|x86.Build.0 = Release|Any CPU
	EndGlobalSection
	GlobalSection(SolutionProperties) = preSolution
		HideSolutionNode = FALSE
	EndGlobalSection
	GlobalSection(ExtensibilityGlobals) = postSolution
		SolutionGuid = {A0EDBB8B-7313-41B8-8DCE-97EADA078CA4}
	EndGlobalSection
EndGlobal
